
Microsoft Visual Studio Solution File, Format Version 12.00
# Visual Studio Version 16
VisualStudioVersion = 16.0.30711.63
MinimumVisualStudioVersion = 10.0.40219.1
Project("{9A19103F-16F7-4668-BE54-9A1E7A4F7556}") = "ComplexModelValidation", "ComplexModelValidation\ComplexModelValidation.csproj", "{C7A77C79-B4E7-4087-9D9E-5F3818CFD27A}"
EndProject
Project("{FAE04EC0-301F-11D3-BF4B-00C04F79EFBC}") = "Shared", "Shared\Shared.csproj", "{7FB4399C-D484-4BC8-9E0C-CD727905A2B9}"
EndProject
Global
	GlobalSection(SolutionConfigurationPlatforms) = preSolution
		Debug|Any CPU = Debug|Any CPU
		Release|Any CPU = Release|Any CPU
	EndGlobalSection
	GlobalSection(ProjectConfigurationPlatforms) = postSolution
		{C7A77C79-B4E7-4087-9D9E-5F3818CFD27A}.Debug|Any CPU.ActiveCfg = Debug|Any CPU
		{C7A77C79-B4E7-4087-9D9E-5F3818CFD27A}.Debug|Any CPU.Build.0 = Debug|Any CPU
		{C7A77C79-B4E7-4087-9D9E-5F3818CFD27A}.Release|Any CPU.ActiveCfg = Release|Any CPU
		{C7A77C79-B4E7-4087-9D9E-5F3818CFD27A}.Release|Any CPU.Build.0 = Release|Any CPU
		{7FB4399C-D484-4BC8-9E0C-CD727905A2B9}.Debug|Any CPU.ActiveCfg = Debug|Any CPU
		{7FB4399C-D484-4BC8-9E0C-CD727905A2B9}.Debug|Any CPU.Build.0 = Debug|Any CPU
		{7FB4399C-D484-4BC8-9E0C-CD727905A2B9}.Release|Any CPU.ActiveCfg = Release|Any CPU
		{7FB4399C-D484-4BC8-9E0C-CD727905A2B9}.Release|Any CPU.Build.0 = Release|Any CPU
	EndGlobalSection
	GlobalSection(SolutionProperties) = preSolution
		HideSolutionNode = FALSE
	EndGlobalSection
	GlobalSection(ExtensibilityGlobals) = postSolution
		SolutionGuid = {B17FCC4F-9168-4108-94EC-95B5F2C2630E}
	EndGlobalSection
EndGlobal
